
Microsoft Visual Studio Solution File, Format Version 12.00
# Visual Studio Version 17
VisualStudioVersion = 17.4.33110.190
MinimumVisualStudioVersion = 10.0.40219.1
Project("{FAE04EC0-301F-11D3-BF4B-00C04F79EFBC}") = "OS_Lab_3", "OS_Lab_3\OS_Lab_3.csproj", "{B8B59BF1-1FFC-44D3-A0C1-040D431461DF}"
EndProject
Global
	GlobalSection(SolutionConfigurationPlatforms) = preSolution
		Debug|Any CPU = Debug|Any CPU
		Release|Any CPU = Release|Any CPU
	EndGlobalSection
	GlobalSection(ProjectConfigurationPlatforms) = postSolution
		{B8B59BF1-1FFC-44D3-A0C1-040D431461DF}.Debug|Any CPU.ActiveCfg = Debug|Any CPU
		{B8B59BF1-1FFC-44D3-A0C1-040D431461DF}.Debug|Any CPU.Build.0 = Debug|Any CPU
		{B8B59BF1-1FFC-44D3-A0C1-040D431461DF}.Release|Any CPU.ActiveCfg = Release|Any CPU
		{B8B59BF1-1FFC-44D3-A0C1-040D431461DF}.Release|Any CPU.Build.0 = Release|Any CPU
	EndGlobalSection
	GlobalSection(SolutionProperties) = preSolution
		HideSolutionNode = FALSE
	EndGlobalSection
	GlobalSection(ExtensibilityGlobals) = postSolution
		SolutionGuid = {E52ECFA9-7C07-42AD-8D20-CA482A65D3EC}
	EndGlobalSection
EndGlobal
